
Microsoft Visual Studio Solution File, Format Version 12.00
# Visual Studio Version 17
VisualStudioVersion = 17.13.35919.96
MinimumVisualStudioVersion = 10.0.40219.1
Project("{FAE04EC0-301F-11D3-BF4B-00C04F79EFBC}") = "FRC_Service", "FRC_Service\FRC_Service.csproj", "{1EB2EEAA-DF44-4E0B-9A10-85222B51B96B}"
EndProject
Project("{FAE04EC0-301F-11D3-BF4B-00C04F79EFBC}") = "FRC_Service.Application", "FRC_Service.Application\FRC_Service.Application.csproj", "{ECB085D1-480A-4E78-956D-41BC9C9D1D75}"
EndProject
Project("{FAE04EC0-301F-11D3-BF4B-00C04F79EFBC}") = "FRC_Service.Domain", "FRC_Service.Domain\FRC_Service.Domain.csproj", "{AFE42BCB-A61C-4052-B863-B32CFF4E90D9}"
EndProject
Project("{FAE04EC0-301F-11D3-BF4B-00C04F79EFBC}") = "FRC_Service.Presentation", "FRC_Service.Presentation\FRC_Service.Presentation.csproj", "{B592664F-DDF2-4D9F-8421-DEF15F1CF66A}"
EndProject
Project("{FAE04EC0-301F-11D3-BF4B-00C04F79EFBC}") = "FRC_Service.Infrastructure", "FRC_Service.Infrastructure\FRC_Service.Infrastructure.csproj", "{F3EEE3E7-8314-4B23-AB05-5E604A6BC7CE}"
EndProject
Project("{E53339B2-1760-4266-BCC7-CA923CBCF16C}") = "docker-compose", "docker-compose.dcproj", "{6F973074-5334-4779-8176-79B85BFB2AC2}"
EndProject
Global
	GlobalSection(SolutionConfigurationPlatforms) = preSolution
		Debug|Any CPU = Debug|Any CPU
		Release|Any CPU = Release|Any CPU
	EndGlobalSection
	GlobalSection(ProjectConfigurationPlatforms) = postSolution
		{1EB2EEAA-DF44-4E0B-9A10-85222B51B96B}.Debug|Any CPU.ActiveCfg = Debug|Any CPU
		{1EB2EEAA-DF44-4E0B-9A10-85222B51B96B}.Debug|Any CPU.Build.0 = Debug|Any CPU
		{1EB2EEAA-DF44-4E0B-9A10-85222B51B96B}.Release|Any CPU.ActiveCfg = Release|Any CPU
		{1EB2EEAA-DF44-4E0B-9A10-85222B51B96B}.Release|Any CPU.Build.0 = Release|Any CPU
		{ECB085D1-480A-4E78-956D-41BC9C9D1D75}.Debug|Any CPU.ActiveCfg = Debug|Any CPU
		{ECB085D1-480A-4E78-956D-41BC9C9D1D75}.Debug|Any CPU.Build.0 = Debug|Any CPU
		{ECB085D1-480A-4E78-956D-41BC9C9D1D75}.Release|Any CPU.ActiveCfg = Release|Any CPU
		{ECB085D1-480A-4E78-956D-41BC9C9D1D75}.Release|Any CPU.Build.0 = Release|Any CPU
		{AFE42BCB-A61C-4052-B863-B32CFF4E90D9}.Debug|Any CPU.ActiveCfg = Debug|Any CPU
		{AFE42BCB-A61C-4052-B863-B32CFF4E90D9}.Debug|Any CPU.Build.0 = Debug|Any CPU
		{AFE42BCB-A61C-4052-B863-B32CFF4E90D9}.Release|Any CPU.ActiveCfg = Release|Any CPU
		{AFE42BCB-A61C-4052-B863-B32CFF4E90D9}.Release|Any CPU.Build.0 = Release|Any CPU
		{B592664F-DDF2-4D9F-8421-DEF15F1CF66A}.Debug|Any CPU.ActiveCfg = Debug|Any CPU
		{B592664F-DDF2-4D9F-8421-DEF15F1CF66A}.Debug|Any CPU.Build.0 = Debug|Any CPU
		{B592664F-DDF2-4D9F-8421-DEF15F1CF66A}.Release|Any CPU.ActiveCfg = Release|Any CPU
		{B592664F-DDF2-4D9F-8421-DEF15F1CF66A}.Release|Any CPU.Build.0 = Release|Any CPU
		{F3EEE3E7-8314-4B23-AB05-5E604A6BC7CE}.Debug|Any CPU.ActiveCfg = Debug|Any CPU
		{F3EEE3E7-8314-4B23-AB05-5E604A6BC7CE}.Debug|Any CPU.Build.0 = Debug|Any CPU
		{F3EEE3E7-8314-4B23-AB05-5E604A6BC7CE}.Release|Any CPU.ActiveCfg = Release|Any CPU
		{F3EEE3E7-8314-4B23-AB05-5E604A6BC7CE}.Release|Any CPU.Build.0 = Release|Any CPU
		{6F973074-5334-4779-8176-79B85BFB2AC2}.Debug|Any CPU.ActiveCfg = Debug|Any CPU
		{6F973074-5334-4779-8176-79B85BFB2AC2}.Debug|Any CPU.Build.0 = Debug|Any CPU
		{6F973074-5334-4779-8176-79B85BFB2AC2}.Release|Any CPU.ActiveCfg = Release|Any CPU
		{6F973074-5334-4779-8176-79B85BFB2AC2}.Release|Any CPU.Build.0 = Release|Any CPU
	EndGlobalSection
	GlobalSection(SolutionProperties) = preSolution
		HideSolutionNode = FALSE
	EndGlobalSection
EndGlobal
